
Microsoft Visual Studio Solution File, Format Version 12.00
# Visual Studio Version 17
VisualStudioVersion = 17.5.33414.496
MinimumVisualStudioVersion = 10.0.40219.1
Project("{FAE04EC0-301F-11D3-BF4B-00C04F79EFBC}") = "Calculator", "Calculator\Calculator.csproj", "{5988459A-4B3C-4477-930E-2E69CCDAED7F}"
EndProject
Global
	GlobalSection(SolutionConfigurationPlatforms) = preSolution
		Debug|Any CPU = Debug|Any CPU
		Release|Any CPU = Release|Any CPU
	EndGlobalSection
	GlobalSection(ProjectConfigurationPlatforms) = postSolution
		{5988459A-4B3C-4477-930E-2E69CCDAED7F}.Debug|Any CPU.ActiveCfg = Debug|Any CPU
		{5988459A-4B3C-4477-930E-2E69CCDAED7F}.Debug|Any CPU.Build.0 = Debug|Any CPU
		{5988459A-4B3C-4477-930E-2E69CCDAED7F}.Release|Any CPU.ActiveCfg = Release|Any CPU
		{5988459A-4B3C-4477-930E-2E69CCDAED7F}.Release|Any CPU.Build.0 = Release|Any CPU
	EndGlobalSection
	GlobalSection(SolutionProperties) = preSolution
		HideSolutionNode = FALSE
	EndGlobalSection
	GlobalSection(ExtensibilityGlobals) = postSolution
		SolutionGuid = {33F933AE-92EC-4DB7-AE51-D9AD785B8BFD}
	EndGlobalSection
EndGlobal
